
Microsoft Visual Studio Solution File, Format Version 12.00
# Visual Studio Version 17
VisualStudioVersion = 17.0.31903.59
MinimumVisualStudioVersion = 10.0.40219.1
Project("{FAE04EC0-301F-11D3-BF4B-00C04F79EFBC}") = "Terminal", "Terminal\Terminal.csproj", "{FD890BB9-4DEB-4BB4-B2AF-B2FDB5D5C7E4}"
EndProject
Project("{2150E333-8FDC-42A3-9474-1A3956D46DE8}") = "examples", "examples", "{5363993F-0762-4307-9658-82BF54A21CB6}"
EndProject
Project("{FAE04EC0-301F-11D3-BF4B-00C04F79EFBC}") = "Colors", "examples\Colors\Colors.csproj", "{70C53AE0-A9EB-4551-807A-B4D31599C92E}"
EndProject
Project("{FAE04EC0-301F-11D3-BF4B-00C04F79EFBC}") = "Keypresses", "examples\Keypresses\Keypresses.csproj", "{B58A49BE-9B1F-43C7-8648-928D9EF292A0}"
EndProject
Project("{FAE04EC0-301F-11D3-BF4B-00C04F79EFBC}") = "Logging", "examples\Logging\Logging.csproj", "{61D6E9FD-4FDA-4386-AF0A-B54DB90E8210}"
EndProject
Global
	GlobalSection(SolutionConfigurationPlatforms) = preSolution
		Debug|Any CPU = Debug|Any CPU
		Release|Any CPU = Release|Any CPU
	EndGlobalSection
	GlobalSection(SolutionProperties) = preSolution
		HideSolutionNode = FALSE
	EndGlobalSection
	GlobalSection(ProjectConfigurationPlatforms) = postSolution
		{FD890BB9-4DEB-4BB4-B2AF-B2FDB5D5C7E4}.Debug|Any CPU.ActiveCfg = Debug|Any CPU
		{FD890BB9-4DEB-4BB4-B2AF-B2FDB5D5C7E4}.Debug|Any CPU.Build.0 = Debug|Any CPU
		{FD890BB9-4DEB-4BB4-B2AF-B2FDB5D5C7E4}.Release|Any CPU.ActiveCfg = Release|Any CPU
		{FD890BB9-4DEB-4BB4-B2AF-B2FDB5D5C7E4}.Release|Any CPU.Build.0 = Release|Any CPU
		{70C53AE0-A9EB-4551-807A-B4D31599C92E}.Debug|Any CPU.ActiveCfg = Debug|Any CPU
		{70C53AE0-A9EB-4551-807A-B4D31599C92E}.Debug|Any CPU.Build.0 = Debug|Any CPU
		{70C53AE0-A9EB-4551-807A-B4D31599C92E}.Release|Any CPU.ActiveCfg = Release|Any CPU
		{70C53AE0-A9EB-4551-807A-B4D31599C92E}.Release|Any CPU.Build.0 = Release|Any CPU
		{B58A49BE-9B1F-43C7-8648-928D9EF292A0}.Debug|Any CPU.ActiveCfg = Debug|Any CPU
		{B58A49BE-9B1F-43C7-8648-928D9EF292A0}.Debug|Any CPU.Build.0 = Debug|Any CPU
		{B58A49BE-9B1F-43C7-8648-928D9EF292A0}.Release|Any CPU.ActiveCfg = Release|Any CPU
		{B58A49BE-9B1F-43C7-8648-928D9EF292A0}.Release|Any CPU.Build.0 = Release|Any CPU
		{61D6E9FD-4FDA-4386-AF0A-B54DB90E8210}.Debug|Any CPU.ActiveCfg = Debug|Any CPU
		{61D6E9FD-4FDA-4386-AF0A-B54DB90E8210}.Debug|Any CPU.Build.0 = Debug|Any CPU
		{61D6E9FD-4FDA-4386-AF0A-B54DB90E8210}.Release|Any CPU.ActiveCfg = Release|Any CPU
		{61D6E9FD-4FDA-4386-AF0A-B54DB90E8210}.Release|Any CPU.Build.0 = Release|Any CPU
	EndGlobalSection
	GlobalSection(NestedProjects) = preSolution
		{70C53AE0-A9EB-4551-807A-B4D31599C92E} = {5363993F-0762-4307-9658-82BF54A21CB6}
		{B58A49BE-9B1F-43C7-8648-928D9EF292A0} = {5363993F-0762-4307-9658-82BF54A21CB6}
		{61D6E9FD-4FDA-4386-AF0A-B54DB90E8210} = {5363993F-0762-4307-9658-82BF54A21CB6}
	EndGlobalSection
EndGlobal
